{
  "name": "mapWindsv3",
  "lockfileVersion": 3,
  "requires": true,
  "packages": {
    "": {
      "dependencies": {
        "@deck.gl/widgets": "^9.2.11"
      }
    },
    "node_modules/@deck.gl/core": {
      "version": "9.2.11",
      "resolved": "https://registry.npmjs.org/@deck.gl/core/-/core-9.2.11.tgz",
      "integrity": "sha512-lpdxXQuFSkd6ET7M6QxPI8QMhsLRY6vzLyk83sPGFb7JSb4OhrNHYt9sfIhcA/hxJW7bdBSMWWphf2GvQetVuA==",
      "license": "MIT",
      "peer": true,
      "dependencies": {
        "@loaders.gl/core": "~4.3.4",
        "@loaders.gl/images": "~4.3.4",
        "@luma.gl/constants": "~9.2.6",
        "@luma.gl/core": "~9.2.6",
        "@luma.gl/engine": "~9.2.6",
        "@luma.gl/shadertools": "~9.2.6",
        "@luma.gl/webgl": "~9.2.6",
        "@math.gl/core": "^4.1.0",
        "@math.gl/sun": "^4.1.0",
        "@math.gl/types": "^4.1.0",
        "@math.gl/web-mercator": "^4.1.0",
        "@probe.gl/env": "^4.1.1",
        "@probe.gl/log": "^4.1.1",
        "@probe.gl/stats": "^4.1.1",
        "@types/offscreencanvas": "^2019.6.4",
        "gl-matrix": "^3.0.0",
        "mjolnir.js": "^3.0.0"
      }
    },
    "node_modules/@deck.gl/widgets": {
      "version": "9.2.11",
      "resolved": "https://registry.npmjs.org/@deck.gl/widgets/-/widgets-9.2.11.tgz",
      "integrity": "sha512-90HWlQPsiRyTPWR4aYfLwnYDrJdHG2mqCzRcyMUKewWBNQLu4upB//l4ewIkUeXXCzAprjjVeRnNb7wdYj2CXQ==",
      "license": "MIT",
      "dependencies": {
        "preact": "^10.17.0"
      },
      "peerDependencies": {
        "@deck.gl/core": "~9.2.0",
        "@luma.gl/core": "~9.2.6"
      }
    },
    "node_modules/@loaders.gl/core": {
      "version": "4.3.4",
      "resolved": "https://registry.npmjs.org/@loaders.gl/core/-/core-4.3.4.tgz",
      "integrity": "sha512-cG0C5fMZ1jyW6WCsf4LoHGvaIAJCEVA/ioqKoYRwoSfXkOf+17KupK1OUQyUCw5XoRn+oWA1FulJQOYlXnb9Gw==",
      "license": "MIT",
      "peer": true,
      "dependencies": {
        "@loaders.gl/loader-utils": "4.3.4",
        "@loaders.gl/schema": "4.3.4",
        "@loaders.gl/worker-utils": "4.3.4",
        "@probe.gl/log": "^4.0.2"
      }
    },
    "node_modules/@loaders.gl/images": {
      "version": "4.3.4",
      "resolved": "https://registry.npmjs.org/@loaders.gl/images/-/images-4.3.4.tgz",
      "integrity": "sha512-qgc33BaNsqN9cWa/xvcGvQ50wGDONgQQdzHCKDDKhV2w/uptZoR5iofJfuG8UUV2vUMMd82Uk9zbopRx2rS4Ag==",
      "license": "MIT",
      "peer": true,
      "dependencies": {
        "@loaders.gl/loader-utils": "4.3.4"
      },
      "peerDependencies": {
        "@loaders.gl/core": "^4.3.0"
      }
    },
    "node_modules/@loaders.gl/loader-utils": {
      "version": "4.3.4",
      "resolved": "https://registry.npmjs.org/@loaders.gl/loader-utils/-/loader-utils-4.3.4.tgz",
      "integrity": "sha512-tjMZvlKQSaMl2qmYTAxg+ySR6zd6hQn5n3XaU8+Ehp90TD3WzxvDKOMNDqOa72fFmIV+KgPhcmIJTpq4lAdC4Q==",
      "license": "MIT",
      "peer": true,
      "dependencies": {
        "@loaders.gl/schema": "4.3.4",
        "@loaders.gl/worker-utils": "4.3.4",
        "@probe.gl/log": "^4.0.2",
        "@probe.gl/stats": "^4.0.2"
      },
      "peerDependencies": {
        "@loaders.gl/core": "^4.3.0"
      }
    },
    "node_modules/@loaders.gl/schema": {
      "version": "4.3.4",
      "resolved": "https://registry.npmjs.org/@loaders.gl/schema/-/schema-4.3.4.tgz",
      "integrity": "sha512-1YTYoatgzr/6JTxqBLwDiD3AVGwQZheYiQwAimWdRBVB0JAzych7s1yBuE0CVEzj4JDPKOzVAz8KnU1TiBvJGw==",
      "license": "MIT",
      "peer": true,
      "dependencies": {
        "@types/geojson": "^7946.0.7"
      },
      "peerDependencies": {
        "@loaders.gl/core": "^4.3.0"
      }
    },
    "node_modules/@loaders.gl/worker-utils": {
      "version": "4.3.4",
      "resolved": "https://registry.npmjs.org/@loaders.gl/worker-utils/-/worker-utils-4.3.4.tgz",
      "integrity": "sha512-EbsszrASgT85GH3B7jkx7YXfQyIYo/rlobwMx6V3ewETapPUwdSAInv+89flnk5n2eu2Lpdeh+2zS6PvqbL2RA==",
      "license": "MIT",
      "peer": true,
      "peerDependencies": {
        "@loaders.gl/core": "^4.3.0"
      }
    },
    "node_modules/@luma.gl/constants": {
      "version": "9.2.6",
      "resolved": "https://registry.npmjs.org/@luma.gl/constants/-/constants-9.2.6.tgz",
      "integrity": "sha512-rvFFrJuSm5JIWbDHFuR4Q2s4eudO3Ggsv0TsGKn9eqvO7bBiPm/ANugHredvh3KviEyYuMZZxtfJvBdr3kzldg==",
      "license": "MIT",
      "peer": true
    },
    "node_modules/@luma.gl/core": {
      "version": "9.2.6",
      "resolved": "https://registry.npmjs.org/@luma.gl/core/-/core-9.2.6.tgz",
      "integrity": "sha512-d8KcH8ZZcjDAodSN/G2nueA9YE2X8kMz7Q0OxDGpCww6to1MZXM3Ydate/Jqsb5DDKVgUF6yD6RL8P5jOki9Yw==",
      "license": "MIT",
      "peer": true,
      "dependencies": {
        "@math.gl/types": "^4.1.0",
        "@probe.gl/env": "^4.0.8",
        "@probe.gl/log": "^4.0.8",
        "@probe.gl/stats": "^4.0.8",
        "@types/offscreencanvas": "^2019.6.4"
      }
    },
    "node_modules/@luma.gl/engine": {
      "version": "9.2.6",
      "resolved": "https://registry.npmjs.org/@luma.gl/engine/-/engine-9.2.6.tgz",
      "integrity": "sha512-1AEDs2AUqOWh7Wl4onOhXmQF+Rz1zNdPXF+Kxm4aWl92RQ42Sh2CmTvRt2BJku83VQ91KFIEm/v3qd3Urzf+Uw==",
      "license": "MIT",
      "peer": true,
      "dependencies": {
        "@math.gl/core": "^4.1.0",
        "@math.gl/types": "^4.1.0",
        "@probe.gl/log": "^4.0.8",
        "@probe.gl/stats": "^4.0.8"
      },
      "peerDependencies": {
        "@luma.gl/core": "~9.2.0",
        "@luma.gl/shadertools": "~9.2.0"
      }
    },
    "node_modules/@luma.gl/shadertools": {
      "version": "9.2.6",
      "resolved": "https://registry.npmjs.org/@luma.gl/shadertools/-/shadertools-9.2.6.tgz",
      "integrity": "sha512-4+uUbynqPUra9d/z1nQChyHmhLgmKfSMjS7kOwLB6exSnhKnpHL3+Hu9fv55qyaX50nGH3oHawhGtJ6RRvu65w==",
      "license": "MIT",
      "peer": true,
      "dependencies": {
        "@math.gl/core": "^4.1.0",
        "@math.gl/types": "^4.1.0",
        "wgsl_reflect": "^1.2.0"
      },
      "peerDependencies": {
        "@luma.gl/core": "~9.2.0"
      }
    },
    "node_modules/@luma.gl/webgl": {
      "version": "9.2.6",
      "resolved": "https://registry.npmjs.org/@luma.gl/webgl/-/webgl-9.2.6.tgz",
      "integrity": "sha512-NGBTdxJMk7j8Ygr1zuTyAvr1Tw+EpupMIQo7RelFjEsZXg6pujFqiDMM+rgxex8voCeuhWBJc7Rs+MoSqd46UQ==",
      "license": "MIT",
      "peer": true,
      "dependencies": {
        "@luma.gl/constants": "9.2.6",
        "@math.gl/types": "^4.1.0",
        "@probe.gl/env": "^4.0.8"
      },
      "peerDependencies": {
        "@luma.gl/core": "~9.2.0"
      }
    },
    "node_modules/@math.gl/core": {
      "version": "4.1.0",
      "resolved": "https://registry.npmjs.org/@math.gl/core/-/core-4.1.0.tgz",
      "integrity": "sha512-FrdHBCVG3QdrworwrUSzXIaK+/9OCRLscxI2OUy6sLOHyHgBMyfnEGs99/m3KNvs+95BsnQLWklVfpKfQzfwKA==",
      "license": "MIT",
      "peer": true,
      "dependencies": {
        "@math.gl/types": "4.1.0"
      }
    },
    "node_modules/@math.gl/sun": {
      "version": "4.1.0",
      "resolved": "https://registry.npmjs.org/@math.gl/sun/-/sun-4.1.0.tgz",
      "integrity": "sha512-i3q6OCBLSZ5wgZVhXg+X7gsjY/TUtuFW/2KBiq/U1ypLso3S4sEykoU/MGjxUv1xiiGtr+v8TeMbO1OBIh/HmA==",
      "license": "MIT",
      "peer": true
    },
    "node_modules/@math.gl/types": {
      "version": "4.1.0",
      "resolved": "https://registry.npmjs.org/@math.gl/types/-/types-4.1.0.tgz",
      "integrity": "sha512-clYZdHcmRvMzVK5fjeDkQlHUzXQSNdZ7s4xOqC3nJPgz4C/TZkUecTo9YS4PruZqtDda/ag4erndP0MIn40dGA==",
      "license": "MIT",
      "peer": true
    },
    "node_modules/@math.gl/web-mercator": {
      "version": "4.1.0",
      "resolved": "https://registry.npmjs.org/@math.gl/web-mercator/-/web-mercator-4.1.0.tgz",
      "integrity": "sha512-HZo3vO5GCMkXJThxRJ5/QYUYRr3XumfT8CzNNCwoJfinxy5NtKUd7dusNTXn7yJ40UoB8FMIwkVwNlqaiRZZAw==",
      "license": "MIT",
      "peer": true,
      "dependencies": {
        "@math.gl/core": "4.1.0"
      }
    },
    "node_modules/@probe.gl/env": {
      "version": "4.1.1",
      "resolved": "https://registry.npmjs.org/@probe.gl/env/-/env-4.1.1.tgz",
      "integrity": "sha512-+68seNDMVsEegRB47pFA/Ws1Fjy8agcFYXxzorKToyPcD6zd+gZ5uhwoLd7TzsSw6Ydns//2KEszWn+EnNHTbA==",
      "license": "MIT",
      "peer": true
    },
    "node_modules/@probe.gl/log": {
      "version": "4.1.1",
      "resolved": "https://registry.npmjs.org/@probe.gl/log/-/log-4.1.1.tgz",
      "integrity": "sha512-kcZs9BT44pL7hS1OkRGKYRXI/SN9KejUlPD+BY40DguRLzdC5tLG/28WGMyfKdn/51GT4a0p+0P8xvDn1Ez+Kg==",
      "license": "MIT",
      "peer": true,
      "dependencies": {
        "@probe.gl/env": "4.1.1"
      }
    },
    "node_modules/@probe.gl/stats": {
      "version": "4.1.1",
      "resolved": "https://registry.npmjs.org/@probe.gl/stats/-/stats-4.1.1.tgz",
      "integrity": "sha512-4VpAyMHOqydSvPlEyHwXaE+AkIdR03nX+Qhlxsk2D/IW4OVmDZgIsvJB1cDzyEEtcfKcnaEbfXeiPgejBceT6g==",
      "license": "MIT",
      "peer": true
    },
    "node_modules/@types/geojson": {
      "version": "7946.0.16",
      "resolved": "https://registry.npmjs.org/@types/geojson/-/geojson-7946.0.16.tgz",
      "integrity": "sha512-6C8nqWur3j98U6+lXDfTUWIfgvZU+EumvpHKcYjujKH7woYyLj2sUmff0tRhrqM7BohUw7Pz3ZB1jj2gW9Fvmg==",
      "license": "MIT",
      "peer": true
    },
    "node_modules/@types/offscreencanvas": {
      "version": "2019.7.3",
      "resolved": "https://registry.npmjs.org/@types/offscreencanvas/-/offscreencanvas-2019.7.3.tgz",
      "integrity": "sha512-ieXiYmgSRXUDeOntE1InxjWyvEelZGP63M+cGuquuRLuIKKT1osnkXjxev9B7d1nXSug5vpunx+gNlbVxMlC9A==",
      "license": "MIT",
      "peer": true
    },
    "node_modules/gl-matrix": {
      "version": "3.4.4",
      "resolved": "https://registry.npmjs.org/gl-matrix/-/gl-matrix-3.4.4.tgz",
      "integrity": "sha512-latSnyDNt/8zYUB6VIJ6PCh2jBjJX6gnDsoCZ7LyW7GkqrD51EWwa9qCoGixj8YqBtETQK/xY7OmpTF8xz1DdQ==",
      "license": "MIT",
      "peer": true
    },
    "node_modules/mjolnir.js": {
      "version": "3.0.0",
      "resolved": "https://registry.npmjs.org/mjolnir.js/-/mjolnir.js-3.0.0.tgz",
      "integrity": "sha512-siX3YCG7N2HnmN1xMH3cK4JkUZJhbkhRFJL+G5N1vH0mh1t5088rJknIoqDFWDIU6NPGvRRgLnYW3ZHjSMEBLA==",
      "license": "MIT",
      "peer": true
    },
    "node_modules/preact": {
      "version": "10.29.1",
      "resolved": "https://registry.npmjs.org/preact/-/preact-10.29.1.tgz",
      "integrity": "sha512-gQCLc/vWroE8lIpleXtdJhTFDogTdZG9AjMUpVkDf2iTCNwYNWA+u16dL41TqUDJO4gm2IgrcMv3uTpjd4Pwmg==",
      "license": "MIT",
      "funding": {
        "type": "opencollective",
        "url": "https://opencollective.com/preact"
      }
    },
    "node_modules/wgsl_reflect": {
      "version": "1.2.3",
      "resolved": "https://registry.npmjs.org/wgsl_reflect/-/wgsl_reflect-1.2.3.tgz",
      "integrity": "sha512-BQWBIsOn411M+ffBxmA6QRLvAOVbuz3Uk4NusxnqC1H7aeQcVLhdA3k2k/EFFFtqVjhz3z7JOOZF1a9hj2tv4Q==",
      "license": "MIT",
      "peer": true
    }
  }
}
